{
  "requires": true,
  "lockfileVersion": 1,
  "dependencies": {
    "core-js": {
      "version": "3.26.0",
      "resolved": "https://registry.npmjs.org/core-js/-/core-js-3.26.0.tgz",
      "integrity": "sha512-+DkDrhoR4Y0PxDz6rurahuB+I45OsEUv8E1maPTB6OuHRohMMcznBq9TMpdpDMm/hUPob/mJJS3PqgbHpMTQgw=="
    },
    "lodash.clamp": {
      "version": "4.0.3",
      "resolved": "https://registry.npmjs.org/lodash.clamp/-/lodash.clamp-4.0.3.tgz",
      "integrity": "sha512-HvzRFWjtcguTW7yd8NJBshuNaCa8aqNFtnswdT7f/cMd/1YKy5Zzoq4W/Oxvnx9l7aeY258uSdDfM793+eLsVg=="
    },
    "lodash.debounce": {
      "version": "4.0.8",
      "resolved": "https://registry.npmjs.org/lodash.debounce/-/lodash.debounce-4.0.8.tgz",
      "integrity": "sha512-FT1yDzDYEoYWhnSGnpE/4Kj1fLZkDFyqRb7fNt6FdYOSxlUWAtp42Eh6Wb0rGIv/m9Bgo7x4GhQbm5Ys4SG5ow=="
    },
    "smooth-scrollbar": {
      "version": "8.8.1",
      "resolved": "https://registry.npmjs.org/smooth-scrollbar/-/smooth-scrollbar-8.8.1.tgz",
      "integrity": "sha512-FQDRtdLTRye8LdRHohNAxh0hyo7gl8+APfA+8Qu5S38MBqR8/WqOoRVzjizH6FTdbU1qGsB7gs8LhMeFJ4Jr8g==",
      "requires": {
        "core-js": "^3.6.4",
        "lodash.clamp": "^4.0.3",
        "lodash.debounce": "^4.0.8",
        "tslib": "^1.10.0"
      }
    },
    "tslib": {
      "version": "1.14.1",
      "resolved": "https://registry.npmjs.org/tslib/-/tslib-1.14.1.tgz",
      "integrity": "sha512-Xni35NKzjgMrwevysHTCArtLDpPvye8zV/0E4EyYn43P7/7qvQwPh9BGkHewbMulVntbigmcT7rdX3BNo9wRJg=="
    }
  }
}
